
Microsoft Visual Studio Solution File, Format Version 12.00
# Visual Studio Version 17
VisualStudioVersion = 17.5.002.0
MinimumVisualStudioVersion = 10.0.40219.1
Project("{9A19103F-16F7-4668-BE54-9A1E7A4F7556}") = "PhonetiqueEspagnolC-", "PhonetiqueEspagnolC-.csproj", "{91BD99B4-A782-4109-8041-823184056F1D}"
EndProject
Global
	GlobalSection(SolutionConfigurationPlatforms) = preSolution
		Debug|Any CPU = Debug|Any CPU
		Release|Any CPU = Release|Any CPU
	EndGlobalSection
	GlobalSection(ProjectConfigurationPlatforms) = postSolution
		{91BD99B4-A782-4109-8041-823184056F1D}.Debug|Any CPU.ActiveCfg = Debug|Any CPU
		{91BD99B4-A782-4109-8041-823184056F1D}.Debug|Any CPU.Build.0 = Debug|Any CPU
		{91BD99B4-A782-4109-8041-823184056F1D}.Release|Any CPU.ActiveCfg = Release|Any CPU
		{91BD99B4-A782-4109-8041-823184056F1D}.Release|Any CPU.Build.0 = Release|Any CPU
	EndGlobalSection
	GlobalSection(SolutionProperties) = preSolution
		HideSolutionNode = FALSE
	EndGlobalSection
	GlobalSection(ExtensibilityGlobals) = postSolution
		SolutionGuid = {9E716D9C-C757-43FC-A245-C0DDA20503F5}
	EndGlobalSection
EndGlobal
